// !$*UTF8*$!
{
	archiveVersion = 1;
	classes = {
	};
	objectVersion = 50;
	objects = {

/* Begin PBXBuildFile section */
		BB4805892388D4C600075F0C /* AppDelegate.swift in Sources */ = {isa = PBXBuildFile; fileRef = BB4805882388D4C600075F0C /* AppDelegate.swift */; };
		BB48058B2388D4C600075F0C /* SceneDelegate.swift in Sources */ = {isa = PBXBuildFile; fileRef = BB48058A2388D4C600075F0C /* SceneDelegate.swift */; };
		BB48058D2388D4C600075F0C /* ViewController.swift in Sources */ = {isa = PBXBuildFile; fileRef = BB48058C2388D4C600075F0C /* ViewController.swift */; };
		BB4805922388D4C900075F0C /* Assets.xcassets in Resources */ = {isa = PBXBuildFile; fileRef = BB4805912388D4C900075F0C /* Assets.xcassets */; };
		BB4805952388D4C900075F0C /* LaunchScreen.storyboard in Resources */ = {isa = PBXBuildFile; fileRef = BB4805932388D4C900075F0C /* LaunchScreen.storyboard */; };
		BB88E5DB239B24DB0058CDF6 /* CalendarExtension.swift in Sources */ = {isa = PBXBuildFile; fileRef = BB88E5DA239B24DB0058CDF6 /* CalendarExtension.swift */; };
		BB88E5DD239B27230058CDF6 /* DateExtension.swift in Sources */ = {isa = PBXBuildFile; fileRef = BB88E5DC239B27230058CDF6 /* DateExtension.swift */; };
		BB88E5DF239B275C0058CDF6 /* ColorExtension.swift in Sources */ = {isa = PBXBuildFile; fileRef = BB88E5DE239B275C0058CDF6 /* ColorExtension.swift */; };
		BB88E5E1239B2C0E0058CDF6 /* MonthDateManager.swift in Sources */ = {isa = PBXBuildFile; fileRef = BB88E5E0239B2C0E0058CDF6 /* MonthDateManager.swift */; };
		BB88E5E3239B2C9B0058CDF6 /* CalendarCell.swift in Sources */ = {isa = PBXBuildFile; fileRef = BB88E5E2239B2C9B0058CDF6 /* CalendarCell.swift */; };
/* End PBXBuildFile section */

/* Begin PBXFileReference section */
		BB4805852388D4C600075F0C /* OneMonth.app */ = {isa = PBXFileReference; explicitFileType = wrapper.application; includeInIndex = 0; path = OneMonth.app; sourceTree = BUILT_PRODUCTS_DIR; };
		BB4805882388D4C600075F0C /* AppDelegate.swift */ = {isa = PBXFileReference; lastKnownFileType = sourcecode.swift; path = AppDelegate.swift; sourceTree = "<group>"; };
		BB48058A2388D4C600075F0C /* SceneDelegate.swift */ = {isa = PBXFileReference; lastKnownFileType = sourcecode.swift; path = SceneDelegate.swift; sourceTree = "<group>"; };
		BB48058C2388D4C600075F0C /* ViewController.swift */ = {isa = PBXFileReference; lastKnownFileType = sourcecode.swift; path = ViewController.swift; sourceTree = "<group>"; };
		BB4805912388D4C900075F0C /* Assets.xcassets */ = {isa = PBXFileReference; lastKnownFileType = folder.assetcatalog; path = Assets.xcassets; sourceTree = "<group>"; };
		BB4805942388D4C900075F0C /* Base */ = {isa = PBXFileReference; lastKnownFileType = file.storyboard; name = Base; path = Base.lproj/LaunchScreen.storyboard; sourceTree = "<group>"; };
		BB4805962388D4C900075F0C /* Info.plist */ = {isa = PBXFileReference; lastKnownFileType = text.plist.xml; path = Info.plist; sourceTree = "<group>"; };
		BB88E5DA239B24DB0058CDF6 /* CalendarExtension.swift */ = {isa = PBXFileReference; lastKnownFileType = sourcecode.swift; path = CalendarExtension.swift; sourceTree = "<group>"; };
		BB88E5DC239B27230058CDF6 /* DateExtension.swift */ = {isa = PBXFileReference; lastKnownFileType = sourcecode.swift; path = DateExtension.swift; sourceTree = "<group>"; };
		BB88E5DE239B275C0058CDF6 /* ColorExtension.swift */ = {isa = PBXFileReference; lastKnownFileType = sourcecode.swift; path = ColorExtension.swift; sourceTree = "<group>"; };
		BB88E5E0239B2C0E0058CDF6 /* MonthDateManager.swift */ = {isa = PBXFileReference; lastKnownFileType = sourcecode.swift; path = MonthDateManager.swift; sourceTree = "<group>"; };
		BB88E5E2239B2C9B0058CDF6 /* CalendarCell.swift */ = {isa = PBXFileReference; lastKnownFileType = sourcecode.swift; path = CalendarCell.swift; sourceTree = "<group>"; };
/* End PBXFileReference section */

/* Begin PBXFrameworksBuildPhase section */
		BB4805822388D4C600075F0C /* Frameworks */ = {
			isa = PBXFrameworksBuildPhase;
			buildActionMask = 2147483647;
			files = (
			);
			runOnlyForDeploymentPostprocessing = 0;
		};
/* End PBXFrameworksBuildPhase section */

/* Begin PBXGroup section */
		BB48057C2388D4C600075F0C = {
			isa = PBXGroup;
			children = (
				BB4805872388D4C600075F0C /* OneMonth */,
				BB4805862388D4C600075F0C /* Products */,
			);
			sourceTree = "<group>";
		};
		BB4805862388D4C600075F0C /* Products */ = {
			isa = PBXGroup;
			children = (
				BB4805852388D4C600075F0C /* OneMonth.app */,
			);
			name = Products;
			sourceTree = "<group>";
		};
		BB4805872388D4C600075F0C /* OneMonth */ = {
			isa = PBXGroup;
			children = (
				BB88E5D7239B24520058CDF6 /* Extension */,
				BB4805882388D4C600075F0C /* AppDelegate.swift */,
				BB48058A2388D4C600075F0C /* SceneDelegate.swift */,
				BB48058C2388D4C600075F0C /* ViewController.swift */,
				BB4805912388D4C900075F0C /* Assets.xcassets */,
				BB4805932388D4C900075F0C /* LaunchScreen.storyboard */,
				BB4805962388D4C900075F0C /* Info.plist */,
				BB88E5E0239B2C0E0058CDF6 /* MonthDateManager.swift */,
				BB88E5E2239B2C9B0058CDF6 /* CalendarCell.swift */,
			);
			path = OneMonth;
			sourceTree = "<group>";
		};
		BB88E5D7239B24520058CDF6 /* Extension */ = {
			isa = PBXGroup;
			children = (
				BB88E5DA239B24DB0058CDF6 /* CalendarExtension.swift */,
				BB88E5DC239B27230058CDF6 /* DateExtension.swift */,
				BB88E5DE239B275C0058CDF6 /* ColorExtension.swift */,
			);
			path = Extension;
			sourceTree = "<group>";
		};
/* End PBXGroup section */

/* Begin PBXNativeTarget section */
		BB4805842388D4C600075F0C /* OneMonth */ = {
			isa = PBXNativeTarget;
			buildConfigurationList = BB4805992388D4C900075F0C /* Build configuration list for PBXNativeTarget "OneMonth" */;
			buildPhases = (
				BB4805812388D4C600075F0C /* Sources */,
				BB4805822388D4C600075F0C /* Frameworks */,
				BB4805832388D4C600075F0C /* Resources */,
			);
			buildRules = (
			);
			dependencies = (
			);
			name = OneMonth;
			productName = OneMonth;
			productReference = BB4805852388D4C600075F0C /* OneMonth.app */;
			productType = "com.apple.product-type.application";
		};
/* End PBXNativeTarget section */

/* Begin PBXProject section */
		BB48057D2388D4C600075F0C /* Project object */ = {
			isa = PBXProject;
			attributes = {
				LastSwiftUpdateCheck = 1120;
				LastUpgradeCheck = 1120;
				ORGANIZATIONNAME = "呉翰";
				TargetAttributes = {
					BB4805842388D4C600075F0C = {
						CreatedOnToolsVersion = 11.2.1;
					};
				};
			};
			buildConfigurationList = BB4805802388D4C600075F0C /* Build configuration list for PBXProject "OneMonth" */;
			compatibilityVersion = "Xcode 9.3";
			developmentRegion = en;
			hasScannedForEncodings = 0;
			knownRegions = (
				en,
				Base,
			);
			mainGroup = BB48057C2388D4C600075F0C;
			productRefGroup = BB4805862388D4C600075F0C /* Products */;
			projectDirPath = "";
			projectRoot = "";
			targets = (
				BB4805842388D4C600075F0C /* OneMonth */,
			);
		};
/* End PBXProject section */

/* Begin PBXResourcesBuildPhase section */
		BB4805832388D4C600075F0C /* Resources */ = {
			isa = PBXResourcesBuildPhase;
			buildActionMask = 2147483647;
			files = (
				BB4805952388D4C900075F0C /* LaunchScreen.storyboard in Resources */,
				BB4805922388D4C900075F0C /* Assets.xcassets in Resources */,
			);
			runOnlyForDeploymentPostprocessing = 0;
		};
/* End PBXResourcesBuildPhase section */

/* Begin PBXSourcesBuildPhase section */
		BB4805812388D4C600075F0C /* Sources */ = {
			isa = PBXSourcesBuildPhase;
			buildActionMask = 2147483647;
			files = (
				BB88E5E1239B2C0E0058CDF6 /* MonthDateManager.swift in Sources */,
				BB48058D2388D4C600075F0C /* ViewController.swift in Sources */,
				BB88E5DD239B27230058CDF6 /* DateExtension.swift in Sources */,
				BB4805892388D4C600075F0C /* AppDelegate.swift in Sources */,
				BB88E5E3239B2C9B0058CDF6 /* CalendarCell.swift in Sources */,
				BB48058B2388D4C600075F0C /* SceneDelegate.swift in Sources */,
				BB88E5DF239B275C0058CDF6 /* ColorExtension.swift in Sources */,
				BB88E5DB239B24DB0058CDF6 /* CalendarExtension.swift in Sources */,
			);
			runOnlyForDeploymentPostprocessing = 0;
		};
/* End PBXSourcesBuildPhase section */

/* Begin PBXVariantGroup section */
		BB4805932388D4C900075F0C /* LaunchScreen.storyboard */ = {
			isa = PBXVariantGroup;
			children = (
				BB4805942388D4C900075F0C /* Base */,
			);
			name = LaunchScreen.storyboard;
			sourceTree = "<group>";
		};
/* End PBXVariantGroup section */

/* Begin XCBuildConfiguration section */
		BB4805972388D4C900075F0C /* Debug */ = {
			isa = XCBuildConfiguration;
			buildSettings = {
				ALWAYS_SEARCH_USER_PATHS = NO;
				CLANG_ANALYZER_NONNULL = YES;
				CLANG_ANALYZER_NUMBER_OBJECT_CONVERSION = YES_AGGRESSIVE;
				CLANG_CXX_LANGUAGE_STANDARD = "gnu++14";
				CLANG_CXX_LIBRARY = "libc++";
				CLANG_ENABLE_MODULES = YES;
				CLANG_ENABLE_OBJC_ARC = YES;
				CLANG_ENABLE_OBJC_WEAK = YES;
				CLANG_WARN_BLOCK_CAPTURE_AUTORELEASING = YES;
				CLANG_WARN_BOOL_CONVERSION = YES;
				CLANG_WARN_COMMA = YES;
				CLANG_WARN_CONSTANT_CONVERSION = YES;
				CLANG_WARN_DEPRECATED_OBJC_IMPLEMENTATIONS = YES;
				CLANG_WARN_DIRECT_OBJC_ISA_USAGE = YES_ERROR;
				CLANG_WARN_DOCUMENTATION_COMMENTS = YES;
				CLANG_WARN_EMPTY_BODY = YES;
				CLANG_WARN_ENUM_CONVERSION = YES;
				CLANG_WARN_INFINITE_RECURSION = YES;
				CLANG_WARN_INT_CONVERSION = YES;
				CLANG_WARN_NON_LITERAL_NULL_CONVERSION = YES;
				CLANG_WARN_OBJC_IMPLICIT_RETAIN_SELF = YES;
				CLANG_WARN_OBJC_LITERAL_CONVERSION = YES;
				CLANG_WARN_OBJC_ROOT_CLASS = YES_ERROR;
				CLANG_WARN_RANGE_LOOP_ANALYSIS = YES;
				CLANG_WARN_STRICT_PROTOTYPES = YES;
				CLANG_WARN_SUSPICIOUS_MOVE = YES;
				CLANG_WARN_UNGUARDED_AVAILABILITY = YES_AGGRESSIVE;
				CLANG_WARN_UNREACHABLE_CODE = YES;
				CLANG_WARN__DUPLICATE_METHOD_MATCH = YES;
				COPY_PHASE_STRIP = NO;
				DEBUG_INFORMATION_FORMAT = dwarf;
				ENABLE_STRICT_OBJC_MSGSEND = YES;
				ENABLE_TESTABILITY = YES;
				GCC_C_LANGUAGE_STANDARD = gnu11;
				GCC_DYNAMIC_NO_PIC = NO;
				GCC_NO_COMMON_BLOCKS = YES;
				GCC_OPTIMIZATION_LEVEL = 0;
				GCC_PREPROCESSOR_DEFINITIONS = (
					"DEBUG=1",
					"$(inherited)",
				);
				GCC_WARN_64_TO_32_BIT_CONVERSION = YES;
				GCC_WARN_ABOUT_RETURN_TYPE = YES_ERROR;
				GCC_WARN_UNDECLARED_SELECTOR = YES;
				GCC_WARN_UNINITIALIZED_AUTOS = YES_AGGRESSIVE;
				GCC_WARN_UNUSED_FUNCTION = YES;
				GCC_WARN_UNUSED_VARIABLE = YES;
				IPHONEOS_DEPLOYMENT_TARGET = 13.2;
				MTL_ENABLE_DEBUG_INFO = INCLUDE_SOURCE;
				MTL_FAST_MATH = YES;
				ONLY_ACTIVE_ARCH = YES;
				SDKROOT = iphoneos;
				SWIFT_ACTIVE_COMPILATION_CONDITIONS = DEBUG;
				SWIFT_OPTIMIZATION_LEVEL = "-Onone";
			};
			name = Debug;
		};
		BB4805982388D4C900075F0C /* Release */ = {
			isa = XCBuildConfiguration;
			buildSettings = {
				ALWAYS_SEARCH_USER_PATHS = NO;
				CLANG_ANALYZER_NONNULL = YES;
				CLANG_ANALYZER_NUMBER_OBJECT_CONVERSION = YES_AGGRESSIVE;
				CLANG_CXX_LANGUAGE_STANDARD = "gnu++14";
				CLANG_CXX_LIBRARY = "libc++";
				CLANG_ENABLE_MODULES = YES;
				CLANG_ENABLE_OBJC_ARC = YES;
				CLANG_ENABLE_OBJC_WEAK = YES;
				CLANG_WARN_BLOCK_CAPTURE_AUTORELEASING = YES;
				CLANG_WARN_BOOL_CONVERSION = YES;
				CLANG_WARN_COMMA = YES;
				CLANG_WARN_CONSTANT_CONVERSION = YES;
				CLANG_WARN_DEPRECATED_OBJC_IMPLEMENTATIONS = YES;
				CLANG_WARN_DIRECT_OBJC_ISA_USAGE = YES_ERROR;
				CLANG_WARN_DOCUMENTATION_COMMENTS = YES;
				CLANG_WARN_EMPTY_BODY = YES;
				CLANG_WARN_ENUM_CONVERSION = YES;
				CLANG_WARN_INFINITE_RECURSION = YES;
				CLANG_WARN_INT_CONVERSION = YES;
				CLANG_WARN_NON_LITERAL_NULL_CONVERSION = YES;
				CLANG_WARN_OBJC_IMPLICIT_RETAIN_SELF = YES;
				CLANG_WARN_OBJC_LITERAL_CONVERSION = YES;
				CLANG_WARN_OBJC_ROOT_CLASS = YES_ERROR;
				CLANG_WARN_RANGE_LOOP_ANALYSIS = YES;
				CLANG_WARN_STRICT_PROTOTYPES = YES;
				CLANG_WARN_SUSPICIOUS_MOVE = YES;
				CLANG_WARN_UNGUARDED_AVAILABILITY = YES_AGGRESSIVE;
				CLANG_WARN_UNREACHABLE_CODE = YES;
				CLANG_WARN__DUPLICATE_METHOD_MATCH = YES;
				COPY_PHASE_STRIP = NO;
				DEBUG_INFORMATION_FORMAT = "dwarf-with-dsym";
				ENABLE_NS_ASSERTIONS = NO;
				ENABLE_STRICT_OBJC_MSGSEND = YES;
				GCC_C_LANGUAGE_STANDARD = gnu11;
				GCC_NO_COMMON_BLOCKS = YES;
				GCC_WARN_64_TO_32_BIT_CONVERSION = YES;
				GCC_WARN_ABOUT_RETURN_TYPE = YES_ERROR;
				GCC_WARN_UNDECLARED_SELECTOR = YES;
				GCC_WARN_UNINITIALIZED_AUTOS = YES_AGGRESSIVE;
				GCC_WARN_UNUSED_FUNCTION = YES;
				GCC_WARN_UNUSED_VARIABLE = YES;
				IPHONEOS_DEPLOYMENT_TARGET = 13.2;
				MTL_ENABLE_DEBUG_INFO = NO;
				MTL_FAST_MATH = YES;
				SDKROOT = iphoneos;
				SWIFT_COMPILATION_MODE = wholemodule;
				SWIFT_OPTIMIZATION_LEVEL = "-O";
				VALIDATE_PRODUCT = YES;
			};
			name = Release;
		};
		BB48059A2388D4C900075F0C /* Debug */ = {
			isa = XCBuildConfiguration;
			buildSettings = {
				ASSETCATALOG_COMPILER_APPICON_NAME = AppIcon;
				CODE_SIGN_STYLE = Automatic;
				DEVELOPMENT_TEAM = CFE5QPE4RS;
				INFOPLIST_FILE = OneMonth/Info.plist;
				LD_RUNPATH_SEARCH_PATHS = (
					"$(inherited)",
					"@executable_path/Frameworks",
				);
				PRODUCT_BUNDLE_IDENTIFIER = vocxpo.OneMonth;
				PRODUCT_NAME = "$(TARGET_NAME)";
				SWIFT_VERSION = 5.0;
				TARGETED_DEVICE_FAMILY = "1,2";
			};
			name = Debug;
		};
		BB48059B2388D4C900075F0C /* Release */ = {
			isa = XCBuildConfiguration;
			buildSettings = {
				ASSETCATALOG_COMPILER_APPICON_NAME = AppIcon;
				CODE_SIGN_STYLE = Automatic;
				DEVELOPMENT_TEAM = CFE5QPE4RS;
				INFOPLIST_FILE = OneMonth/Info.plist;
				LD_RUNPATH_SEARCH_PATHS = (
					"$(inherited)",
					"@executable_path/Frameworks",
				);
				PRODUCT_BUNDLE_IDENTIFIER = vocxpo.OneMonth;
				PRODUCT_NAME = "$(TARGET_NAME)";
				SWIFT_VERSION = 5.0;
				TARGETED_DEVICE_FAMILY = "1,2";
			};
			name = Release;
		};
/* End XCBuildConfiguration section */

/* Begin XCConfigurationList section */
		BB4805802388D4C600075F0C /* Build configuration list for PBXProject "OneMonth" */ = {
			isa = XCConfigurationList;
			buildConfigurations = (
				BB4805972388D4C900075F0C /* Debug */,
				BB4805982388D4C900075F0C /* Release */,
			);
			defaultConfigurationIsVisible = 0;
			defaultConfigurationName = Release;
		};
		BB4805992388D4C900075F0C /* Build configuration list for PBXNativeTarget "OneMonth" */ = {
			isa = XCConfigurationList;
			buildConfigurations = (
				BB48059A2388D4C900075F0C /* Debug */,
				BB48059B2388D4C900075F0C /* Release */,
			);
			defaultConfigurationIsVisible = 0;
			defaultConfigurationName = Release;
		};
/* End XCConfigurationList section */
	};
	rootObject = BB48057D2388D4C600075F0C /* Project object */;
}
